PODS:
  - Bolts (1.1.4)
  - Facebook-iOS-SDK (3.23.1):
    - Bolts (~> 1.0)
  - FontAwesome+iOS (0.1.4)
  - MBProgressHUD (0.9.1)
  - MSDynamicsDrawerViewController (1.5.1)
  - Parse (1.6.5):
    - Bolts (~> 1.1)
  - ParseCrashReporting (1.6.5):
    - Parse (~> 1.6.5)
  - ParseFacebookUtils (1.6.5):
    - Facebook-iOS-SDK (~> 3.20)
    - Parse (~> 1.6.5)
  - ParseUI (1.1.1):
    - Parse (~> 1.6)
    - ParseFacebookUtils (~> 1.6)
  - PPiAwesomeButton (1.5.2):
    - FontAwesome+iOS

DEPENDENCIES:
  - MBProgressHUD
  - MSDynamicsDrawerViewController
  - Parse
  - ParseCrashReporting
  - ParseFacebookUtils
  - ParseUI
  - PPiAwesomeButton

SPEC CHECKSUMS:
  Bolts: dd9fb8433d67f5acc3b6b4d1379bbc5513d716c1
  Facebook-iOS-SDK: 89dae50e975ebab95a01b0962d27277fc9cf08fd
  FontAwesome+iOS: 816c20304edef4ca92835de669577005cbaaf261
  MBProgressHUD: f3747dcbd45a9e855a6b0674550651e0b7ed250c
  MSDynamicsDrawerViewController: 0002059480a4b5ddde7eafbafb958a79a9b0ffaf
  Parse: a21db4037d70a68a4ec64ecc0f327ed475cc14f8
  ParseCrashReporting: bc2418de3e198d032e8263c68fa2b98d6bcd964e
  ParseFacebookUtils: 4d58d0f133fa1af52f3a8d5caaa55cd435118ac4
  ParseUI: f7e9e0e5271f75a19c74ead8fdd95d36160e268e
  PPiAwesomeButton: 9c57f5b72e3a36eaa4f5b811fbdb90913e5cdb21

COCOAPODS: 0.36.0
